// !$*UTF8*$!
{
	archiveVersion = 1;
	classes = {
	};
	objectVersion = 55;
	objects = {

/* Begin PBXBuildFile section */
		C728CB0928AACA7F00F84E56 /* main.swift in Sources */ = {isa = PBXBuildFile; fileRef = C728CB0828AACA7F00F84E56 /* main.swift */; };
		C728CB1228AACACF00F84E56 /* Dealer.swift in Sources */ = {isa = PBXBuildFile; fileRef = C728CB1128AACACF00F84E56 /* Dealer.swift */; };
		C728CB1428AACD9A00F84E56 /* Player.swift in Sources */ = {isa = PBXBuildFile; fileRef = C728CB1328AACD9A00F84E56 /* Player.swift */; };
		C728CB1628AACDA600F84E56 /* Game.swift in Sources */ = {isa = PBXBuildFile; fileRef = C728CB1528AACDA600F84E56 /* Game.swift */; };
		C728CB1828AACDD200F84E56 /* Card.swift in Sources */ = {isa = PBXBuildFile; fileRef = C728CB1728AACDD200F84E56 /* Card.swift */; };
		C728CB1A28AB682000F84E56 /* GameResultTable.swift in Sources */ = {isa = PBXBuildFile; fileRef = C728CB1928AB682000F84E56 /* GameResultTable.swift */; };
		C728CB1C28AB685E00F84E56 /* CardTypeList.swift in Sources */ = {isa = PBXBuildFile; fileRef = C728CB1B28AB685E00F84E56 /* CardTypeList.swift */; };
		C728CB1E28ABC06600F84E56 /* PointFileOperationHelper.swift in Sources */ = {isa = PBXBuildFile; fileRef = C728CB1D28ABC06600F84E56 /* PointFileOperationHelper.swift */; };
/* End PBXBuildFile section */

/* Begin PBXCopyFilesBuildPhase section */
		C728CB0328AACA7F00F84E56 /* CopyFiles */ = {
			isa = PBXCopyFilesBuildPhase;
			buildActionMask = 2147483647;
			dstPath = /usr/share/man/man1/;
			dstSubfolderSpec = 0;
			files = (
			);
			runOnlyForDeploymentPostprocessing = 1;
		};
/* End PBXCopyFilesBuildPhase section */

/* Begin PBXFileReference section */
		C728CB0528AACA7F00F84E56 /* BlackJackGameProject */ = {isa = PBXFileReference; explicitFileType = "compiled.mach-o.executable"; includeInIndex = 0; path = BlackJackGameProject; sourceTree = BUILT_PRODUCTS_DIR; };
		C728CB0828AACA7F00F84E56 /* main.swift */ = {isa = PBXFileReference; lastKnownFileType = sourcecode.swift; path = main.swift; sourceTree = "<group>"; };
		C728CB1128AACACF00F84E56 /* Dealer.swift */ = {isa = PBXFileReference; lastKnownFileType = sourcecode.swift; path = Dealer.swift; sourceTree = "<group>"; };
		C728CB1328AACD9A00F84E56 /* Player.swift */ = {isa = PBXFileReference; lastKnownFileType = sourcecode.swift; path = Player.swift; sourceTree = "<group>"; };
		C728CB1528AACDA600F84E56 /* Game.swift */ = {isa = PBXFileReference; lastKnownFileType = sourcecode.swift; path = Game.swift; sourceTree = "<group>"; };
		C728CB1728AACDD200F84E56 /* Card.swift */ = {isa = PBXFileReference; lastKnownFileType = sourcecode.swift; path = Card.swift; sourceTree = "<group>"; };
		C728CB1928AB682000F84E56 /* GameResultTable.swift */ = {isa = PBXFileReference; lastKnownFileType = sourcecode.swift; path = GameResultTable.swift; sourceTree = "<group>"; };
		C728CB1B28AB685E00F84E56 /* CardTypeList.swift */ = {isa = PBXFileReference; lastKnownFileType = sourcecode.swift; path = CardTypeList.swift; sourceTree = "<group>"; };
		C728CB1D28ABC06600F84E56 /* PointFileOperationHelper.swift */ = {isa = PBXFileReference; lastKnownFileType = sourcecode.swift; path = PointFileOperationHelper.swift; sourceTree = "<group>"; };
/* End PBXFileReference section */

/* Begin PBXFrameworksBuildPhase section */
		C728CB0228AACA7F00F84E56 /* Frameworks */ = {
			isa = PBXFrameworksBuildPhase;
			buildActionMask = 2147483647;
			files = (
			);
			runOnlyForDeploymentPostprocessing = 0;
		};
/* End PBXFrameworksBuildPhase section */

/* Begin PBXGroup section */
		C728CAFC28AACA7F00F84E56 = {
			isa = PBXGroup;
			children = (
				C728CB0728AACA7F00F84E56 /* BlackJackGameProject */,
				C728CB0628AACA7F00F84E56 /* Products */,
			);
			sourceTree = "<group>";
		};
		C728CB0628AACA7F00F84E56 /* Products */ = {
			isa = PBXGroup;
			children = (
				C728CB0528AACA7F00F84E56 /* BlackJackGameProject */,
			);
			name = Products;
			sourceTree = "<group>";
		};
		C728CB0728AACA7F00F84E56 /* BlackJackGameProject */ = {
			isa = PBXGroup;
			children = (
				C728CB0828AACA7F00F84E56 /* main.swift */,
				C728CB1128AACACF00F84E56 /* Dealer.swift */,
				C728CB1328AACD9A00F84E56 /* Player.swift */,
				C728CB1528AACDA600F84E56 /* Game.swift */,
				C728CB1728AACDD200F84E56 /* Card.swift */,
				C728CB1928AB682000F84E56 /* GameResultTable.swift */,
				C728CB1B28AB685E00F84E56 /* CardTypeList.swift */,
				C728CB1D28ABC06600F84E56 /* PointFileOperationHelper.swift */,
			);
			path = BlackJackGameProject;
			sourceTree = "<group>";
		};
/* End PBXGroup section */

/* Begin PBXNativeTarget section */
		C728CB0428AACA7F00F84E56 /* BlackJackGameProject */ = {
			isa = PBXNativeTarget;
			buildConfigurationList = C728CB0C28AACA7F00F84E56 /* Build configuration list for PBXNativeTarget "BlackJackGameProject" */;
			buildPhases = (
				C728CB0128AACA7F00F84E56 /* Sources */,
				C728CB0228AACA7F00F84E56 /* Frameworks */,
				C728CB0328AACA7F00F84E56 /* CopyFiles */,
			);
			buildRules = (
			);
			dependencies = (
			);
			name = BlackJackGameProject;
			productName = BlackJackGameProject;
			productReference = C728CB0528AACA7F00F84E56 /* BlackJackGameProject */;
			productType = "com.apple.product-type.tool";
		};
/* End PBXNativeTarget section */

/* Begin PBXProject section */
		C728CAFD28AACA7F00F84E56 /* Project object */ = {
			isa = PBXProject;
			attributes = {
				BuildIndependentTargetsInParallel = 1;
				LastSwiftUpdateCheck = 1340;
				LastUpgradeCheck = 1340;
				TargetAttributes = {
					C728CB0428AACA7F00F84E56 = {
						CreatedOnToolsVersion = 13.4.1;
					};
				};
			};
			buildConfigurationList = C728CB0028AACA7F00F84E56 /* Build configuration list for PBXProject "BlackJackGameProject" */;
			compatibilityVersion = "Xcode 13.0";
			developmentRegion = en;
			hasScannedForEncodings = 0;
			knownRegions = (
				en,
				Base,
			);
			mainGroup = C728CAFC28AACA7F00F84E56;
			productRefGroup = C728CB0628AACA7F00F84E56 /* Products */;
			projectDirPath = "";
			projectRoot = "";
			targets = (
				C728CB0428AACA7F00F84E56 /* BlackJackGameProject */,
			);
		};
/* End PBXProject section */

/* Begin PBXSourcesBuildPhase section */
		C728CB0128AACA7F00F84E56 /* Sources */ = {
			isa = PBXSourcesBuildPhase;
			buildActionMask = 2147483647;
			files = (
				C728CB1228AACACF00F84E56 /* Dealer.swift in Sources */,
				C728CB1A28AB682000F84E56 /* GameResultTable.swift in Sources */,
				C728CB1428AACD9A00F84E56 /* Player.swift in Sources */,
				C728CB1828AACDD200F84E56 /* Card.swift in Sources */,
				C728CB0928AACA7F00F84E56 /* main.swift in Sources */,
				C728CB1628AACDA600F84E56 /* Game.swift in Sources */,
				C728CB1C28AB685E00F84E56 /* CardTypeList.swift in Sources */,
				C728CB1E28ABC06600F84E56 /* PointFileOperationHelper.swift in Sources */,
			);
			runOnlyForDeploymentPostprocessing = 0;
		};
/* End PBXSourcesBuildPhase section */

/* Begin XCBuildConfiguration section */
		C728CB0A28AACA7F00F84E56 /* Debug */ = {
			isa = XCBuildConfiguration;
			buildSettings = {
				ALWAYS_SEARCH_USER_PATHS = NO;
				CLANG_ANALYZER_NONNULL = YES;
				CLANG_ANALYZER_NUMBER_OBJECT_CONVERSION = YES_AGGRESSIVE;
				CLANG_CXX_LANGUAGE_STANDARD = "gnu++17";
				CLANG_ENABLE_MODULES = YES;
				CLANG_ENABLE_OBJC_ARC = YES;
				CLANG_ENABLE_OBJC_WEAK = YES;
				CLANG_WARN_BLOCK_CAPTURE_AUTORELEASING = YES;
				CLANG_WARN_BOOL_CONVERSION = YES;
				CLANG_WARN_COMMA = YES;
				CLANG_WARN_CONSTANT_CONVERSION = YES;
				CLANG_WARN_DEPRECATED_OBJC_IMPLEMENTATIONS = YES;
				CLANG_WARN_DIRECT_OBJC_ISA_USAGE = YES_ERROR;
				CLANG_WARN_DOCUMENTATION_COMMENTS = YES;
				CLANG_WARN_EMPTY_BODY = YES;
				CLANG_WARN_ENUM_CONVERSION = YES;
				CLANG_WARN_INFINITE_RECURSION = YES;
				CLANG_WARN_INT_CONVERSION = YES;
				CLANG_WARN_NON_LITERAL_NULL_CONVERSION = YES;
				CLANG_WARN_OBJC_IMPLICIT_RETAIN_SELF = YES;
				CLANG_WARN_OBJC_LITERAL_CONVERSION = YES;
				CLANG_WARN_OBJC_ROOT_CLASS = YES_ERROR;
				CLANG_WARN_QUOTED_INCLUDE_IN_FRAMEWORK_HEADER = YES;
				CLANG_WARN_RANGE_LOOP_ANALYSIS = YES;
				CLANG_WARN_STRICT_PROTOTYPES = YES;
				CLANG_WARN_SUSPICIOUS_MOVE = YES;
				CLANG_WARN_UNGUARDED_AVAILABILITY = YES_AGGRESSIVE;
				CLANG_WARN_UNREACHABLE_CODE = YES;
				CLANG_WARN__DUPLICATE_METHOD_MATCH = YES;
				COPY_PHASE_STRIP = NO;
				DEBUG_INFORMATION_FORMAT = dwarf;
				ENABLE_STRICT_OBJC_MSGSEND = YES;
				ENABLE_TESTABILITY = YES;
				GCC_C_LANGUAGE_STANDARD = gnu11;
				GCC_DYNAMIC_NO_PIC = NO;
				GCC_NO_COMMON_BLOCKS = YES;
				GCC_OPTIMIZATION_LEVEL = 0;
				GCC_PREPROCESSOR_DEFINITIONS = (
					"DEBUG=1",
					"$(inherited)",
				);
				GCC_WARN_64_TO_32_BIT_CONVERSION = YES;
				GCC_WARN_ABOUT_RETURN_TYPE = YES_ERROR;
				GCC_WARN_UNDECLARED_SELECTOR = YES;
				GCC_WARN_UNINITIALIZED_AUTOS = YES_AGGRESSIVE;
				GCC_WARN_UNUSED_FUNCTION = YES;
				GCC_WARN_UNUSED_VARIABLE = YES;
				MACOSX_DEPLOYMENT_TARGET = 12.3;
				MTL_ENABLE_DEBUG_INFO = INCLUDE_SOURCE;
				MTL_FAST_MATH = YES;
				ONLY_ACTIVE_ARCH = YES;
				SDKROOT = macosx;
				SWIFT_ACTIVE_COMPILATION_CONDITIONS = DEBUG;
				SWIFT_OPTIMIZATION_LEVEL = "-Onone";
			};
			name = Debug;
		};
		C728CB0B28AACA7F00F84E56 /* Release */ = {
			isa = XCBuildConfiguration;
			buildSettings = {
				ALWAYS_SEARCH_USER_PATHS = NO;
				CLANG_ANALYZER_NONNULL = YES;
				CLANG_ANALYZER_NUMBER_OBJECT_CONVERSION = YES_AGGRESSIVE;
				CLANG_CXX_LANGUAGE_STANDARD = "gnu++17";
				CLANG_ENABLE_MODULES = YES;
				CLANG_ENABLE_OBJC_ARC = YES;
				CLANG_ENABLE_OBJC_WEAK = YES;
				CLANG_WARN_BLOCK_CAPTURE_AUTORELEASING = YES;
				CLANG_WARN_BOOL_CONVERSION = YES;
				CLANG_WARN_COMMA = YES;
				CLANG_WARN_CONSTANT_CONVERSION = YES;
				CLANG_WARN_DEPRECATED_OBJC_IMPLEMENTATIONS = YES;
				CLANG_WARN_DIRECT_OBJC_ISA_USAGE = YES_ERROR;
				CLANG_WARN_DOCUMENTATION_COMMENTS = YES;
				CLANG_WARN_EMPTY_BODY = YES;
				CLANG_WARN_ENUM_CONVERSION = YES;
				CLANG_WARN_INFINITE_RECURSION = YES;
				CLANG_WARN_INT_CONVERSION = YES;
				CLANG_WARN_NON_LITERAL_NULL_CONVERSION = YES;
				CLANG_WARN_OBJC_IMPLICIT_RETAIN_SELF = YES;
				CLANG_WARN_OBJC_LITERAL_CONVERSION = YES;
				CLANG_WARN_OBJC_ROOT_CLASS = YES_ERROR;
				CLANG_WARN_QUOTED_INCLUDE_IN_FRAMEWORK_HEADER = YES;
				CLANG_WARN_RANGE_LOOP_ANALYSIS = YES;
				CLANG_WARN_STRICT_PROTOTYPES = YES;
				CLANG_WARN_SUSPICIOUS_MOVE = YES;
				CLANG_WARN_UNGUARDED_AVAILABILITY = YES_AGGRESSIVE;
				CLANG_WARN_UNREACHABLE_CODE = YES;
				CLANG_WARN__DUPLICATE_METHOD_MATCH = YES;
				COPY_PHASE_STRIP = NO;
				DEBUG_INFORMATION_FORMAT = "dwarf-with-dsym";
				ENABLE_NS_ASSERTIONS = NO;
				ENABLE_STRICT_OBJC_MSGSEND = YES;
				GCC_C_LANGUAGE_STANDARD = gnu11;
				GCC_NO_COMMON_BLOCKS = YES;
				GCC_WARN_64_TO_32_BIT_CONVERSION = YES;
				GCC_WARN_ABOUT_RETURN_TYPE = YES_ERROR;
				GCC_WARN_UNDECLARED_SELECTOR = YES;
				GCC_WARN_UNINITIALIZED_AUTOS = YES_AGGRESSIVE;
				GCC_WARN_UNUSED_FUNCTION = YES;
				GCC_WARN_UNUSED_VARIABLE = YES;
				MACOSX_DEPLOYMENT_TARGET = 12.3;
				MTL_ENABLE_DEBUG_INFO = NO;
				MTL_FAST_MATH = YES;
				SDKROOT = macosx;
				SWIFT_COMPILATION_MODE = wholemodule;
				SWIFT_OPTIMIZATION_LEVEL = "-O";
			};
			name = Release;
		};
		C728CB0D28AACA7F00F84E56 /* Debug */ = {
			isa = XCBuildConfiguration;
			buildSettings = {
				CODE_SIGN_STYLE = Automatic;
				PRODUCT_NAME = "$(TARGET_NAME)";
				SWIFT_VERSION = 5.0;
			};
			name = Debug;
		};
		C728CB0E28AACA7F00F84E56 /* Release */ = {
			isa = XCBuildConfiguration;
			buildSettings = {
				CODE_SIGN_STYLE = Automatic;
				PRODUCT_NAME = "$(TARGET_NAME)";
				SWIFT_VERSION = 5.0;
			};
			name = Release;
		};
/* End XCBuildConfiguration section */

/* Begin XCConfigurationList section */
		C728CB0028AACA7F00F84E56 /* Build configuration list for PBXProject "BlackJackGameProject" */ = {
			isa = XCConfigurationList;
			buildConfigurations = (
				C728CB0A28AACA7F00F84E56 /* Debug */,
				C728CB0B28AACA7F00F84E56 /* Release */,
			);
			defaultConfigurationIsVisible = 0;
			defaultConfigurationName = Release;
		};
		C728CB0C28AACA7F00F84E56 /* Build configuration list for PBXNativeTarget "BlackJackGameProject" */ = {
			isa = XCConfigurationList;
			buildConfigurations = (
				C728CB0D28AACA7F00F84E56 /* Debug */,
				C728CB0E28AACA7F00F84E56 /* Release */,
			);
			defaultConfigurationIsVisible = 0;
			defaultConfigurationName = Release;
		};
/* End XCConfigurationList section */
	};
	rootObject = C728CAFD28AACA7F00F84E56 /* Project object */;
}
